
Microsoft Visual Studio Solution File, Format Version 12.00
# Visual Studio 15
VisualStudioVersion = 15.0.26228.9
MinimumVisualStudioVersion = 10.0.40219.1
Project("{2150E333-8FDC-42A3-9474-1A3956D46DE8}") = "Clients", "Clients", "{19439B42-E5D2-425F-A7FC-DE3C1E58BBE5}"
EndProject
Project("{FAE04EC0-301F-11D3-BF4B-00C04F79EFBC}") = "Parser.ConsoleClient", "Clients\Parser.ConsoleClient\Parser.ConsoleClient.csproj", "{F4878973-D1D1-4360-A991-CC87B064D23B}"
EndProject
Project("{2150E333-8FDC-42A3-9474-1A3956D46DE8}") = "Src", "Src", "{7DEE4524-5928-4941-B93C-9F5C4BD5D32C}"
EndProject
Project("{FAE04EC0-301F-11D3-BF4B-00C04F79EFBC}") = "Parser.LogFileReader", "Src\Parser.LogFileReader\Parser.LogFileReader.csproj", "{BE757824-2C14-425F-9498-38C62C33EF34}"
EndProject
Project("{2150E333-8FDC-42A3-9474-1A3956D46DE8}") = "Tests", "Tests", "{078E0CBC-5CAF-4513-A1D3-4F9F330B1D72}"
EndProject
Project("{FAE04EC0-301F-11D3-BF4B-00C04F79EFBC}") = "Parser.LogFileReader.Tests", "Tests\Parser.LogFileReader.Tests\Parser.LogFileReader.Tests.csproj", "{EFE74609-79ED-444C-B57F-6BFFD39A0276}"
EndProject
Project("{FAE04EC0-301F-11D3-BF4B-00C04F79EFBC}") = "Parser.WPFClient", "Clients\Parser.WPFClient\Parser.WPFClient.csproj", "{EC89EA7E-4806-49A1-B515-AEAB901DA967}"
EndProject
Project("{2150E333-8FDC-42A3-9474-1A3956D46DE8}") = "CIDependencies", "CIDependencies", "{53A091DD-C79C-4843-9461-BB50124AAF4D}"
EndProject
Project("{FAE04EC0-301F-11D3-BF4B-00C04F79EFBC}") = "Parser.CoverallsDependencies", "CIDependencies\Parser.CoverallsDependencies\Parser.CoverallsDependencies.csproj", "{C7C9D1A4-B7B7-493C-90A3-D9B78B928B5F}"
EndProject
Project("{FAE04EC0-301F-11D3-BF4B-00C04F79EFBC}") = "Parser.SignalR", "Src\Parser.SignalR\Parser.SignalR.csproj", "{69E17FBF-A00B-42CB-A3D6-B429536E50D7}"
EndProject
Project("{FAE04EC0-301F-11D3-BF4B-00C04F79EFBC}") = "Parser.MvcClient", "Clients\Parser.MvcClient\Parser.MvcClient.csproj", "{D9F745DB-11AA-4214-80BC-065E0BC813AC}"
EndProject
Project("{FAE04EC0-301F-11D3-BF4B-00C04F79EFBC}") = "Parser.LogFileParser", "Src\Parser.LogFileParser\Parser.LogFileParser.csproj", "{3510B5AE-3B17-45A0-8786-BCB569CB592B}"
EndProject
Project("{FAE04EC0-301F-11D3-BF4B-00C04F79EFBC}") = "Parser.SignalR.Tests", "Tests\Parser.SignalR.Tests\Parser.SignalR.Tests.csproj", "{37CEDE73-5DBB-44D0-B0E0-4C2AC921291E}"
EndProject
Project("{FAE04EC0-301F-11D3-BF4B-00C04F79EFBC}") = "Parser.Common", "Src\Parser.Common\Parser.Common.csproj", "{CE041571-30B1-4F40-B526-DC58E888F32B}"
EndProject
Project("{FAE04EC0-301F-11D3-BF4B-00C04F79EFBC}") = "Parser.Common.Tests", "Tests\Parser.Common.Tests\Parser.Common.Tests.csproj", "{FE3C9C62-547D-4274-8DE0-EA81C817E579}"
EndProject
Project("{FAE04EC0-301F-11D3-BF4B-00C04F79EFBC}") = "Parser.LogFileParser.Tests", "Tests\Parser.LogFileParser.Tests\Parser.LogFileParser.Tests.csproj", "{5DD0005C-8452-4826-B196-72EDC0FF39A1}"
EndProject
Project("{FAE04EC0-301F-11D3-BF4B-00C04F79EFBC}") = "Parser.Data.Services", "Src\Parser.Data.Services\Parser.Data.Services.csproj", "{222F5AEF-1D88-4B7F-905F-B39C0ADF4EE8}"
EndProject
Project("{FAE04EC0-301F-11D3-BF4B-00C04F79EFBC}") = "Parser.Data", "Src\Parser.Data\Parser.Data.csproj", "{A8F6950C-0FF4-4FB2-9F0B-DFF894DB7FA9}"
EndProject
Project("{FAE04EC0-301F-11D3-BF4B-00C04F79EFBC}") = "Parser.Data.Models", "Src\Parser.Data.Models\Parser.Data.Models.csproj", "{52A718A9-0679-4196-83E3-ECA37208AF4C}"
EndProject
Project("{FAE04EC0-301F-11D3-BF4B-00C04F79EFBC}") = "Parser.Common.Constants", "Src\Parser.Common.Constants\Parser.Common.Constants.csproj", "{D0FCCF6C-6B4B-4CC9-819F-6E6FCD2EDC3C}"
EndProject
Project("{FAE04EC0-301F-11D3-BF4B-00C04F79EFBC}") = "Parser.Data.Services.Tests", "Tests\Parser.Data.Services.Tests\Parser.Data.Services.Tests.csproj", "{522B8336-E936-4733-B908-85C564DA20A6}"
EndProject
Project("{FAE04EC0-301F-11D3-BF4B-00C04F79EFBC}") = "Parser.Data.Tests", "Tests\Parser.Data.Tests\Parser.Data.Tests.csproj", "{8ADB858C-948C-4FE0-A8F4-DAAE0A5C28A8}"
EndProject
Project("{FAE04EC0-301F-11D3-BF4B-00C04F79EFBC}") = "Parser.Data.ViewModels", "Src\Parser.Data.ViewModels\Parser.Data.ViewModels.csproj", "{52A14BA3-E1DC-4B71-B47D-550862087B1C}"
EndProject
Project("{FAE04EC0-301F-11D3-BF4B-00C04F79EFBC}") = "Parser.Auth", "Src\Parser.Auth\Parser.Auth.csproj", "{8FF46E09-D8C2-43B5-995F-B521CD076487}"
EndProject
Project("{FAE04EC0-301F-11D3-BF4B-00C04F79EFBC}") = "Parser.Auth.Tests", "Tests\Parser.Auth.Tests\Parser.Auth.Tests.csproj", "{8AF7310E-4BB8-447A-B2C4-1418F13FD8B5}"
EndProject
Project("{FAE04EC0-301F-11D3-BF4B-00C04F79EFBC}") = "Parser.Auth.Extended", "Src\Parser.Auth.Extended\Parser.Auth.Extended.csproj", "{4A42C91F-2C6E-42C9-A621-3FE74CC2F7F8}"
EndProject
Project("{FAE04EC0-301F-11D3-BF4B-00C04F79EFBC}") = "Parser.Auth.Extended.Tests", "Tests\Parser.Auth.Extended.Tests\Parser.Auth.Extended.Tests.csproj", "{B21A568C-96D4-4564-8931-D409C3370857}"
EndProject
Project("{FAE04EC0-301F-11D3-BF4B-00C04F79EFBC}") = "Parser.Common.Utilities", "Src\Parser.Common.Utilities\Parser.Common.Utilities.csproj", "{AAB4C13B-7F42-4995-8DB1-4121F77147CC}"
EndProject
Project("{FAE04EC0-301F-11D3-BF4B-00C04F79EFBC}") = "Parser.Common.Interceptors", "Src\Parser.Common.Interceptors\Parser.Common.Interceptors.csproj", "{044EC167-75D8-4BD2-B893-5E9003F71DE3}"
EndProject
Project("{FAE04EC0-301F-11D3-BF4B-00C04F79EFBC}") = "Parser.Common.Interceptors.Tests", "Tests\Parser.Common.Interceptors.Tests\Parser.Common.Interceptors.Tests.csproj", "{A19D1873-6BA0-4FD4-8EC6-F283C6B21A50}"
EndProject
Project("{FAE04EC0-301F-11D3-BF4B-00C04F79EFBC}") = "Parser.Common.Html", "Src\Parser.Common.Html\Parser.Common.Html.csproj", "{FFF46EF7-F592-41EE-993A-95BE386E7A63}"
EndProject
Global
	GlobalSection(SolutionConfigurationPlatforms) = preSolution
		Debug|Any CPU = Debug|Any CPU
		Release|Any CPU = Release|Any CPU
	EndGlobalSection
	GlobalSection(ProjectConfigurationPlatforms) = postSolution
		{F4878973-D1D1-4360-A991-CC87B064D23B}.Debug|Any CPU.ActiveCfg = Debug|Any CPU
		{F4878973-D1D1-4360-A991-CC87B064D23B}.Debug|Any CPU.Build.0 = Debug|Any CPU
		{F4878973-D1D1-4360-A991-CC87B064D23B}.Release|Any CPU.ActiveCfg = Release|Any CPU
		{F4878973-D1D1-4360-A991-CC87B064D23B}.Release|Any CPU.Build.0 = Release|Any CPU
		{BE757824-2C14-425F-9498-38C62C33EF34}.Debug|Any CPU.ActiveCfg = Debug|Any CPU
		{BE757824-2C14-425F-9498-38C62C33EF34}.Debug|Any CPU.Build.0 = Debug|Any CPU
		{BE757824-2C14-425F-9498-38C62C33EF34}.Release|Any CPU.ActiveCfg = Release|Any CPU
		{BE757824-2C14-425F-9498-38C62C33EF34}.Release|Any CPU.Build.0 = Release|Any CPU
		{EFE74609-79ED-444C-B57F-6BFFD39A0276}.Debug|Any CPU.ActiveCfg = Debug|Any CPU
		{EFE74609-79ED-444C-B57F-6BFFD39A0276}.Debug|Any CPU.Build.0 = Debug|Any CPU
		{EFE74609-79ED-444C-B57F-6BFFD39A0276}.Release|Any CPU.ActiveCfg = Release|Any CPU
		{EFE74609-79ED-444C-B57F-6BFFD39A0276}.Release|Any CPU.Build.0 = Release|Any CPU
		{EC89EA7E-4806-49A1-B515-AEAB901DA967}.Debug|Any CPU.ActiveCfg = Debug|Any CPU
		{EC89EA7E-4806-49A1-B515-AEAB901DA967}.Debug|Any CPU.Build.0 = Debug|Any CPU
		{EC89EA7E-4806-49A1-B515-AEAB901DA967}.Release|Any CPU.ActiveCfg = Release|Any CPU
		{EC89EA7E-4806-49A1-B515-AEAB901DA967}.Release|Any CPU.Build.0 = Release|Any CPU
		{C7C9D1A4-B7B7-493C-90A3-D9B78B928B5F}.Debug|Any CPU.ActiveCfg = Debug|Any CPU
		{C7C9D1A4-B7B7-493C-90A3-D9B78B928B5F}.Debug|Any CPU.Build.0 = Debug|Any CPU
		{C7C9D1A4-B7B7-493C-90A3-D9B78B928B5F}.Release|Any CPU.ActiveCfg = Release|Any CPU
		{C7C9D1A4-B7B7-493C-90A3-D9B78B928B5F}.Release|Any CPU.Build.0 = Release|Any CPU
		{69E17FBF-A00B-42CB-A3D6-B429536E50D7}.Debug|Any CPU.ActiveCfg = Debug|Any CPU
		{69E17FBF-A00B-42CB-A3D6-B429536E50D7}.Debug|Any CPU.Build.0 = Debug|Any CPU
		{69E17FBF-A00B-42CB-A3D6-B429536E50D7}.Release|Any CPU.ActiveCfg = Release|Any CPU
		{69E17FBF-A00B-42CB-A3D6-B429536E50D7}.Release|Any CPU.Build.0 = Release|Any CPU
		{D9F745DB-11AA-4214-80BC-065E0BC813AC}.Debug|Any CPU.ActiveCfg = Debug|Any CPU
		{D9F745DB-11AA-4214-80BC-065E0BC813AC}.Debug|Any CPU.Build.0 = Debug|Any CPU
		{D9F745DB-11AA-4214-80BC-065E0BC813AC}.Release|Any CPU.ActiveCfg = Release|Any CPU
		{D9F745DB-11AA-4214-80BC-065E0BC813AC}.Release|Any CPU.Build.0 = Release|Any CPU
		{3510B5AE-3B17-45A0-8786-BCB569CB592B}.Debug|Any CPU.ActiveCfg = Debug|Any CPU
		{3510B5AE-3B17-45A0-8786-BCB569CB592B}.Debug|Any CPU.Build.0 = Debug|Any CPU
		{3510B5AE-3B17-45A0-8786-BCB569CB592B}.Release|Any CPU.ActiveCfg = Release|Any CPU
		{3510B5AE-3B17-45A0-8786-BCB569CB592B}.Release|Any CPU.Build.0 = Release|Any CPU
		{37CEDE73-5DBB-44D0-B0E0-4C2AC921291E}.Debug|Any CPU.ActiveCfg = Debug|Any CPU
		{37CEDE73-5DBB-44D0-B0E0-4C2AC921291E}.Debug|Any CPU.Build.0 = Debug|Any CPU
		{37CEDE73-5DBB-44D0-B0E0-4C2AC921291E}.Release|Any CPU.ActiveCfg = Release|Any CPU
		{37CEDE73-5DBB-44D0-B0E0-4C2AC921291E}.Release|Any CPU.Build.0 = Release|Any CPU
		{CE041571-30B1-4F40-B526-DC58E888F32B}.Debug|Any CPU.ActiveCfg = Debug|Any CPU
		{CE041571-30B1-4F40-B526-DC58E888F32B}.Debug|Any CPU.Build.0 = Debug|Any CPU
		{CE041571-30B1-4F40-B526-DC58E888F32B}.Release|Any CPU.ActiveCfg = Release|Any CPU
		{CE041571-30B1-4F40-B526-DC58E888F32B}.Release|Any CPU.Build.0 = Release|Any CPU
		{FE3C9C62-547D-4274-8DE0-EA81C817E579}.Debug|Any CPU.ActiveCfg = Debug|Any CPU
		{FE3C9C62-547D-4274-8DE0-EA81C817E579}.Debug|Any CPU.Build.0 = Debug|Any CPU
		{FE3C9C62-547D-4274-8DE0-EA81C817E579}.Release|Any CPU.ActiveCfg = Release|Any CPU
		{FE3C9C62-547D-4274-8DE0-EA81C817E579}.Release|Any CPU.Build.0 = Release|Any CPU
		{5DD0005C-8452-4826-B196-72EDC0FF39A1}.Debug|Any CPU.ActiveCfg = Debug|Any CPU
		{5DD0005C-8452-4826-B196-72EDC0FF39A1}.Debug|Any CPU.Build.0 = Debug|Any CPU
		{5DD0005C-8452-4826-B196-72EDC0FF39A1}.Release|Any CPU.ActiveCfg = Release|Any CPU
		{5DD0005C-8452-4826-B196-72EDC0FF39A1}.Release|Any CPU.Build.0 = Release|Any CPU
		{222F5AEF-1D88-4B7F-905F-B39C0ADF4EE8}.Debug|Any CPU.ActiveCfg = Debug|Any CPU
		{222F5AEF-1D88-4B7F-905F-B39C0ADF4EE8}.Debug|Any CPU.Build.0 = Debug|Any CPU
		{222F5AEF-1D88-4B7F-905F-B39C0ADF4EE8}.Release|Any CPU.ActiveCfg = Release|Any CPU
		{222F5AEF-1D88-4B7F-905F-B39C0ADF4EE8}.Release|Any CPU.Build.0 = Release|Any CPU
		{A8F6950C-0FF4-4FB2-9F0B-DFF894DB7FA9}.Debug|Any CPU.ActiveCfg = Debug|Any CPU
		{A8F6950C-0FF4-4FB2-9F0B-DFF894DB7FA9}.Debug|Any CPU.Build.0 = Debug|Any CPU
		{A8F6950C-0FF4-4FB2-9F0B-DFF894DB7FA9}.Release|Any CPU.ActiveCfg = Release|Any CPU
		{A8F6950C-0FF4-4FB2-9F0B-DFF894DB7FA9}.Release|Any CPU.Build.0 = Release|Any CPU
		{52A718A9-0679-4196-83E3-ECA37208AF4C}.Debug|Any CPU.ActiveCfg = Debug|Any CPU
		{52A718A9-0679-4196-83E3-ECA37208AF4C}.Debug|Any CPU.Build.0 = Debug|Any CPU
		{52A718A9-0679-4196-83E3-ECA37208AF4C}.Release|Any CPU.ActiveCfg = Release|Any CPU
		{52A718A9-0679-4196-83E3-ECA37208AF4C}.Release|Any CPU.Build.0 = Release|Any CPU
		{D0FCCF6C-6B4B-4CC9-819F-6E6FCD2EDC3C}.Debug|Any CPU.ActiveCfg = Debug|Any CPU
		{D0FCCF6C-6B4B-4CC9-819F-6E6FCD2EDC3C}.Debug|Any CPU.Build.0 = Debug|Any CPU
		{D0FCCF6C-6B4B-4CC9-819F-6E6FCD2EDC3C}.Release|Any CPU.ActiveCfg = Release|Any CPU
		{D0FCCF6C-6B4B-4CC9-819F-6E6FCD2EDC3C}.Release|Any CPU.Build.0 = Release|Any CPU
		{522B8336-E936-4733-B908-85C564DA20A6}.Debug|Any CPU.ActiveCfg = Debug|Any CPU
		{522B8336-E936-4733-B908-85C564DA20A6}.Debug|Any CPU.Build.0 = Debug|Any CPU
		{522B8336-E936-4733-B908-85C564DA20A6}.Release|Any CPU.ActiveCfg = Release|Any CPU
		{522B8336-E936-4733-B908-85C564DA20A6}.Release|Any CPU.Build.0 = Release|Any CPU
		{8ADB858C-948C-4FE0-A8F4-DAAE0A5C28A8}.Debug|Any CPU.ActiveCfg = Debug|Any CPU
		{8ADB858C-948C-4FE0-A8F4-DAAE0A5C28A8}.Debug|Any CPU.Build.0 = Debug|Any CPU
		{8ADB858C-948C-4FE0-A8F4-DAAE0A5C28A8}.Release|Any CPU.ActiveCfg = Release|Any CPU
		{8ADB858C-948C-4FE0-A8F4-DAAE0A5C28A8}.Release|Any CPU.Build.0 = Release|Any CPU
		{52A14BA3-E1DC-4B71-B47D-550862087B1C}.Debug|Any CPU.ActiveCfg = Debug|Any CPU
		{52A14BA3-E1DC-4B71-B47D-550862087B1C}.Debug|Any CPU.Build.0 = Debug|Any CPU
		{52A14BA3-E1DC-4B71-B47D-550862087B1C}.Release|Any CPU.ActiveCfg = Release|Any CPU
		{52A14BA3-E1DC-4B71-B47D-550862087B1C}.Release|Any CPU.Build.0 = Release|Any CPU
		{8FF46E09-D8C2-43B5-995F-B521CD076487}.Debug|Any CPU.ActiveCfg = Debug|Any CPU
		{8FF46E09-D8C2-43B5-995F-B521CD076487}.Debug|Any CPU.Build.0 = Debug|Any CPU
		{8FF46E09-D8C2-43B5-995F-B521CD076487}.Release|Any CPU.ActiveCfg = Release|Any CPU
		{8FF46E09-D8C2-43B5-995F-B521CD076487}.Release|Any CPU.Build.0 = Release|Any CPU
		{8AF7310E-4BB8-447A-B2C4-1418F13FD8B5}.Debug|Any CPU.ActiveCfg = Debug|Any CPU
		{8AF7310E-4BB8-447A-B2C4-1418F13FD8B5}.Debug|Any CPU.Build.0 = Debug|Any CPU
		{8AF7310E-4BB8-447A-B2C4-1418F13FD8B5}.Release|Any CPU.ActiveCfg = Release|Any CPU
		{8AF7310E-4BB8-447A-B2C4-1418F13FD8B5}.Release|Any CPU.Build.0 = Release|Any CPU
		{4A42C91F-2C6E-42C9-A621-3FE74CC2F7F8}.Debug|Any CPU.ActiveCfg = Debug|Any CPU
		{4A42C91F-2C6E-42C9-A621-3FE74CC2F7F8}.Debug|Any CPU.Build.0 = Debug|Any CPU
		{4A42C91F-2C6E-42C9-A621-3FE74CC2F7F8}.Release|Any CPU.ActiveCfg = Release|Any CPU
		{4A42C91F-2C6E-42C9-A621-3FE74CC2F7F8}.Release|Any CPU.Build.0 = Release|Any CPU
		{B21A568C-96D4-4564-8931-D409C3370857}.Debug|Any CPU.ActiveCfg = Debug|Any CPU
		{B21A568C-96D4-4564-8931-D409C3370857}.Debug|Any CPU.Build.0 = Debug|Any CPU
		{B21A568C-96D4-4564-8931-D409C3370857}.Release|Any CPU.ActiveCfg = Release|Any CPU
		{B21A568C-96D4-4564-8931-D409C3370857}.Release|Any CPU.Build.0 = Release|Any CPU
		{AAB4C13B-7F42-4995-8DB1-4121F77147CC}.Debug|Any CPU.ActiveCfg = Debug|Any CPU
		{AAB4C13B-7F42-4995-8DB1-4121F77147CC}.Debug|Any CPU.Build.0 = Debug|Any CPU
		{AAB4C13B-7F42-4995-8DB1-4121F77147CC}.Release|Any CPU.ActiveCfg = Release|Any CPU
		{AAB4C13B-7F42-4995-8DB1-4121F77147CC}.Release|Any CPU.Build.0 = Release|Any CPU
		{044EC167-75D8-4BD2-B893-5E9003F71DE3}.Debug|Any CPU.ActiveCfg = Debug|Any CPU
		{044EC167-75D8-4BD2-B893-5E9003F71DE3}.Debug|Any CPU.Build.0 = Debug|Any CPU
		{044EC167-75D8-4BD2-B893-5E9003F71DE3}.Release|Any CPU.ActiveCfg = Release|Any CPU
		{044EC167-75D8-4BD2-B893-5E9003F71DE3}.Release|Any CPU.Build.0 = Release|Any CPU
		{A19D1873-6BA0-4FD4-8EC6-F283C6B21A50}.Debug|Any CPU.ActiveCfg = Debug|Any CPU
		{A19D1873-6BA0-4FD4-8EC6-F283C6B21A50}.Debug|Any CPU.Build.0 = Debug|Any CPU
		{A19D1873-6BA0-4FD4-8EC6-F283C6B21A50}.Release|Any CPU.ActiveCfg = Release|Any CPU
		{A19D1873-6BA0-4FD4-8EC6-F283C6B21A50}.Release|Any CPU.Build.0 = Release|Any CPU
		{FFF46EF7-F592-41EE-993A-95BE386E7A63}.Debug|Any CPU.ActiveCfg = Debug|Any CPU
		{FFF46EF7-F592-41EE-993A-95BE386E7A63}.Debug|Any CPU.Build.0 = Debug|Any CPU
		{FFF46EF7-F592-41EE-993A-95BE386E7A63}.Release|Any CPU.ActiveCfg = Release|Any CPU
		{FFF46EF7-F592-41EE-993A-95BE386E7A63}.Release|Any CPU.Build.0 = Release|Any CPU
	EndGlobalSection
	GlobalSection(SolutionProperties) = preSolution
		HideSolutionNode = FALSE
	EndGlobalSection
	GlobalSection(NestedProjects) = preSolution
		{F4878973-D1D1-4360-A991-CC87B064D23B} = {19439B42-E5D2-425F-A7FC-DE3C1E58BBE5}
		{BE757824-2C14-425F-9498-38C62C33EF34} = {7DEE4524-5928-4941-B93C-9F5C4BD5D32C}
		{EFE74609-79ED-444C-B57F-6BFFD39A0276} = {078E0CBC-5CAF-4513-A1D3-4F9F330B1D72}
		{EC89EA7E-4806-49A1-B515-AEAB901DA967} = {19439B42-E5D2-425F-A7FC-DE3C1E58BBE5}
		{C7C9D1A4-B7B7-493C-90A3-D9B78B928B5F} = {53A091DD-C79C-4843-9461-BB50124AAF4D}
		{69E17FBF-A00B-42CB-A3D6-B429536E50D7} = {7DEE4524-5928-4941-B93C-9F5C4BD5D32C}
		{D9F745DB-11AA-4214-80BC-065E0BC813AC} = {19439B42-E5D2-425F-A7FC-DE3C1E58BBE5}
		{3510B5AE-3B17-45A0-8786-BCB569CB592B} = {7DEE4524-5928-4941-B93C-9F5C4BD5D32C}
		{37CEDE73-5DBB-44D0-B0E0-4C2AC921291E} = {078E0CBC-5CAF-4513-A1D3-4F9F330B1D72}
		{CE041571-30B1-4F40-B526-DC58E888F32B} = {7DEE4524-5928-4941-B93C-9F5C4BD5D32C}
		{FE3C9C62-547D-4274-8DE0-EA81C817E579} = {078E0CBC-5CAF-4513-A1D3-4F9F330B1D72}
		{5DD0005C-8452-4826-B196-72EDC0FF39A1} = {078E0CBC-5CAF-4513-A1D3-4F9F330B1D72}
		{222F5AEF-1D88-4B7F-905F-B39C0ADF4EE8} = {7DEE4524-5928-4941-B93C-9F5C4BD5D32C}
		{A8F6950C-0FF4-4FB2-9F0B-DFF894DB7FA9} = {7DEE4524-5928-4941-B93C-9F5C4BD5D32C}
		{52A718A9-0679-4196-83E3-ECA37208AF4C} = {7DEE4524-5928-4941-B93C-9F5C4BD5D32C}
		{D0FCCF6C-6B4B-4CC9-819F-6E6FCD2EDC3C} = {7DEE4524-5928-4941-B93C-9F5C4BD5D32C}
		{522B8336-E936-4733-B908-85C564DA20A6} = {078E0CBC-5CAF-4513-A1D3-4F9F330B1D72}
		{8ADB858C-948C-4FE0-A8F4-DAAE0A5C28A8} = {078E0CBC-5CAF-4513-A1D3-4F9F330B1D72}
		{52A14BA3-E1DC-4B71-B47D-550862087B1C} = {7DEE4524-5928-4941-B93C-9F5C4BD5D32C}
		{8FF46E09-D8C2-43B5-995F-B521CD076487} = {7DEE4524-5928-4941-B93C-9F5C4BD5D32C}
		{8AF7310E-4BB8-447A-B2C4-1418F13FD8B5} = {078E0CBC-5CAF-4513-A1D3-4F9F330B1D72}
		{4A42C91F-2C6E-42C9-A621-3FE74CC2F7F8} = {7DEE4524-5928-4941-B93C-9F5C4BD5D32C}
		{B21A568C-96D4-4564-8931-D409C3370857} = {078E0CBC-5CAF-4513-A1D3-4F9F330B1D72}
		{AAB4C13B-7F42-4995-8DB1-4121F77147CC} = {7DEE4524-5928-4941-B93C-9F5C4BD5D32C}
		{044EC167-75D8-4BD2-B893-5E9003F71DE3} = {7DEE4524-5928-4941-B93C-9F5C4BD5D32C}
		{A19D1873-6BA0-4FD4-8EC6-F283C6B21A50} = {078E0CBC-5CAF-4513-A1D3-4F9F330B1D72}
		{FFF46EF7-F592-41EE-993A-95BE386E7A63} = {7DEE4524-5928-4941-B93C-9F5C4BD5D32C}
	EndGlobalSection
EndGlobal
