
Microsoft Visual Studio Solution File, Format Version 12.00
# Visual Studio 14
VisualStudioVersion = 14.0.25420.1
MinimumVisualStudioVersion = 10.0.40219.1
Project("{2150E333-8FDC-42A3-9474-1A3956D46DE8}") = "Clients", "Clients", "{19439B42-E5D2-425F-A7FC-DE3C1E58BBE5}"
EndProject
Project("{FAE04EC0-301F-11D3-BF4B-00C04F79EFBC}") = "Parser.ConsoleClient", "Clients\Parser.ConsoleClient\Parser.ConsoleClient.csproj", "{F4878973-D1D1-4360-A991-CC87B064D23B}"
EndProject
Project("{2150E333-8FDC-42A3-9474-1A3956D46DE8}") = "Src", "Src", "{7DEE4524-5928-4941-B93C-9F5C4BD5D32C}"
EndProject
Project("{FAE04EC0-301F-11D3-BF4B-00C04F79EFBC}") = "Parser.FileReader", "Src\Parser.FileReader\Parser.FileReader.csproj", "{BE757824-2C14-425F-9498-38C62C33EF34}"
EndProject
Project("{2150E333-8FDC-42A3-9474-1A3956D46DE8}") = "Tests", "Tests", "{078E0CBC-5CAF-4513-A1D3-4F9F330B1D72}"
EndProject
Project("{FAE04EC0-301F-11D3-BF4B-00C04F79EFBC}") = "Parser.FileReader.Tests", "Tests\Parser.FileReader.Tests\Parser.FileReader.Tests.csproj", "{EFE74609-79ED-444C-B57F-6BFFD39A0276}"
EndProject
Project("{FAE04EC0-301F-11D3-BF4B-00C04F79EFBC}") = "Parser.WPFClient", "Clients\Parser.WPFClient\Parser.WPFClient.csproj", "{EC89EA7E-4806-49A1-B515-AEAB901DA967}"
EndProject
Global
	GlobalSection(SolutionConfigurationPlatforms) = preSolution
		Debug|Any CPU = Debug|Any CPU
		Release|Any CPU = Release|Any CPU
	EndGlobalSection
	GlobalSection(ProjectConfigurationPlatforms) = postSolution
		{F4878973-D1D1-4360-A991-CC87B064D23B}.Debug|Any CPU.ActiveCfg = Debug|Any CPU
		{F4878973-D1D1-4360-A991-CC87B064D23B}.Debug|Any CPU.Build.0 = Debug|Any CPU
		{F4878973-D1D1-4360-A991-CC87B064D23B}.Release|Any CPU.ActiveCfg = Release|Any CPU
		{F4878973-D1D1-4360-A991-CC87B064D23B}.Release|Any CPU.Build.0 = Release|Any CPU
		{BE757824-2C14-425F-9498-38C62C33EF34}.Debug|Any CPU.ActiveCfg = Debug|Any CPU
		{BE757824-2C14-425F-9498-38C62C33EF34}.Debug|Any CPU.Build.0 = Debug|Any CPU
		{BE757824-2C14-425F-9498-38C62C33EF34}.Release|Any CPU.ActiveCfg = Release|Any CPU
		{BE757824-2C14-425F-9498-38C62C33EF34}.Release|Any CPU.Build.0 = Release|Any CPU
		{EFE74609-79ED-444C-B57F-6BFFD39A0276}.Debug|Any CPU.ActiveCfg = Debug|Any CPU
		{EFE74609-79ED-444C-B57F-6BFFD39A0276}.Debug|Any CPU.Build.0 = Debug|Any CPU
		{EFE74609-79ED-444C-B57F-6BFFD39A0276}.Release|Any CPU.ActiveCfg = Release|Any CPU
		{EFE74609-79ED-444C-B57F-6BFFD39A0276}.Release|Any CPU.Build.0 = Release|Any CPU
		{EC89EA7E-4806-49A1-B515-AEAB901DA967}.Debug|Any CPU.ActiveCfg = Debug|Any CPU
		{EC89EA7E-4806-49A1-B515-AEAB901DA967}.Debug|Any CPU.Build.0 = Debug|Any CPU
		{EC89EA7E-4806-49A1-B515-AEAB901DA967}.Release|Any CPU.ActiveCfg = Release|Any CPU
		{EC89EA7E-4806-49A1-B515-AEAB901DA967}.Release|Any CPU.Build.0 = Release|Any CPU
	EndGlobalSection
	GlobalSection(SolutionProperties) = preSolution
		HideSolutionNode = FALSE
	EndGlobalSection
	GlobalSection(NestedProjects) = preSolution
		{F4878973-D1D1-4360-A991-CC87B064D23B} = {19439B42-E5D2-425F-A7FC-DE3C1E58BBE5}
		{BE757824-2C14-425F-9498-38C62C33EF34} = {7DEE4524-5928-4941-B93C-9F5C4BD5D32C}
		{EFE74609-79ED-444C-B57F-6BFFD39A0276} = {078E0CBC-5CAF-4513-A1D3-4F9F330B1D72}
		{EC89EA7E-4806-49A1-B515-AEAB901DA967} = {19439B42-E5D2-425F-A7FC-DE3C1E58BBE5}
	EndGlobalSection
EndGlobal
